
Microsoft Visual Studio Solution File, Format Version 12.00
# Visual Studio Version 16
VisualStudioVersion = 16.0.31702.278
MinimumVisualStudioVersion = 10.0.40219.1
Project("{FAE04EC0-301F-11D3-BF4B-00C04F79EFBC}") = "mvcwebappgithub", "mvcwebappgithub.csproj", "{C535FE5C-C2F7-4674-98CE-22610F0BD11A}"
EndProject
Global
	GlobalSection(SolutionConfigurationPlatforms) = preSolution
		Debug|Any CPU = Debug|Any CPU
		Release|Any CPU = Release|Any CPU
	EndGlobalSection
	GlobalSection(ProjectConfigurationPlatforms) = postSolution
		{C535FE5C-C2F7-4674-98CE-22610F0BD11A}.Debug|Any CPU.ActiveCfg = Debug|Any CPU
		{C535FE5C-C2F7-4674-98CE-22610F0BD11A}.Debug|Any CPU.Build.0 = Debug|Any CPU
		{C535FE5C-C2F7-4674-98CE-22610F0BD11A}.Release|Any CPU.ActiveCfg = Release|Any CPU
		{C535FE5C-C2F7-4674-98CE-22610F0BD11A}.Release|Any CPU.Build.0 = Release|Any CPU
	EndGlobalSection
	GlobalSection(SolutionProperties) = preSolution
		HideSolutionNode = FALSE
	EndGlobalSection
	GlobalSection(ExtensibilityGlobals) = postSolution
		SolutionGuid = {E4AEF0E6-F165-48FE-973B-A6B2FCCB3292}
	EndGlobalSection
EndGlobal
